
Microsoft Visual Studio Solution File, Format Version 12.00
# Visual Studio Version 16
VisualStudioVersion = 16.0.31205.134
MinimumVisualStudioVersion = 10.0.40219.1
Project("{F2A71F9B-5D33-465A-A702-920D77279786}") = "AgentUtilities", "AgentUtilities\AgentUtilities.fsproj", "{404CF6D1-34EE-4AD9-A713-5916870C7D0C}"
EndProject
Global
	GlobalSection(SolutionConfigurationPlatforms) = preSolution
		Debug|Any CPU = Debug|Any CPU
		Release|Any CPU = Release|Any CPU
	EndGlobalSection
	GlobalSection(ProjectConfigurationPlatforms) = postSolution
		{404CF6D1-34EE-4AD9-A713-5916870C7D0C}.Debug|Any CPU.ActiveCfg = Debug|Any CPU
		{404CF6D1-34EE-4AD9-A713-5916870C7D0C}.Debug|Any CPU.Build.0 = Debug|Any CPU
		{404CF6D1-34EE-4AD9-A713-5916870C7D0C}.Release|Any CPU.ActiveCfg = Release|Any CPU
		{404CF6D1-34EE-4AD9-A713-5916870C7D0C}.Release|Any CPU.Build.0 = Release|Any CPU
	EndGlobalSection
	GlobalSection(SolutionProperties) = preSolution
		HideSolutionNode = FALSE
	EndGlobalSection
	GlobalSection(ExtensibilityGlobals) = postSolution
		SolutionGuid = {37B682C3-CAAE-4FC0-9E94-76AC2AEE44F6}
	EndGlobalSection
EndGlobal
