
Microsoft Visual Studio Solution File, Format Version 12.00
# Visual Studio Version 16
VisualStudioVersion = 16.0.29721.120
MinimumVisualStudioVersion = 10.0.40219.1
Project("{6EC3EE1D-3C4E-46DD-8F32-0CC8E7565705}") = "APIService", "ApiService\APIService.fsproj", "{F014D088-A287-47E3-984C-C90C7CE2CF8D}"
EndProject
Project("{6EC3EE1D-3C4E-46DD-8F32-0CC8E7565705}") = "APIServiceTests", "ApiService\APIServiceTests\APIServiceTests.fsproj", "{834CB2AD-680B-41A0-A401-9C43CCD00750}"
EndProject
Global
	GlobalSection(SolutionConfigurationPlatforms) = preSolution
		Debug|Any CPU = Debug|Any CPU
		Release|Any CPU = Release|Any CPU
	EndGlobalSection
	GlobalSection(ProjectConfigurationPlatforms) = postSolution
		{F014D088-A287-47E3-984C-C90C7CE2CF8D}.Debug|Any CPU.ActiveCfg = Debug|Any CPU
		{F014D088-A287-47E3-984C-C90C7CE2CF8D}.Debug|Any CPU.Build.0 = Debug|Any CPU
		{F014D088-A287-47E3-984C-C90C7CE2CF8D}.Release|Any CPU.ActiveCfg = Release|Any CPU
		{F014D088-A287-47E3-984C-C90C7CE2CF8D}.Release|Any CPU.Build.0 = Release|Any CPU
		{834CB2AD-680B-41A0-A401-9C43CCD00750}.Debug|Any CPU.ActiveCfg = Debug|Any CPU
		{834CB2AD-680B-41A0-A401-9C43CCD00750}.Debug|Any CPU.Build.0 = Debug|Any CPU
		{834CB2AD-680B-41A0-A401-9C43CCD00750}.Release|Any CPU.ActiveCfg = Release|Any CPU
		{834CB2AD-680B-41A0-A401-9C43CCD00750}.Release|Any CPU.Build.0 = Release|Any CPU
	EndGlobalSection
	GlobalSection(SolutionProperties) = preSolution
		HideSolutionNode = FALSE
	EndGlobalSection
	GlobalSection(ExtensibilityGlobals) = postSolution
		SolutionGuid = {0D916CD3-0CB8-4A2D-A599-21D262740024}
	EndGlobalSection
EndGlobal
